
Microsoft Visual Studio Solution File, Format Version 12.00
# Visual Studio Version 17
VisualStudioVersion = 17.9.34616.47
MinimumVisualStudioVersion = 10.0.40219.1
Project("{FAE04EC0-301F-11D3-BF4B-00C04F79EFBC}") = "MVCProject", "MVCProject\MVCProject.csproj", "{87724E51-CA44-4EF1-99C0-64B0C6719BF3}"
EndProject
Global
	GlobalSection(SolutionConfigurationPlatforms) = preSolution
		Debug|Any CPU = Debug|Any CPU
		Release|Any CPU = Release|Any CPU
	EndGlobalSection
	GlobalSection(ProjectConfigurationPlatforms) = postSolution
		{87724E51-CA44-4EF1-99C0-64B0C6719BF3}.Debug|Any CPU.ActiveCfg = Debug|Any CPU
		{87724E51-CA44-4EF1-99C0-64B0C6719BF3}.Debug|Any CPU.Build.0 = Debug|Any CPU
		{87724E51-CA44-4EF1-99C0-64B0C6719BF3}.Release|Any CPU.ActiveCfg = Release|Any CPU
		{87724E51-CA44-4EF1-99C0-64B0C6719BF3}.Release|Any CPU.Build.0 = Release|Any CPU
	EndGlobalSection
	GlobalSection(SolutionProperties) = preSolution
		HideSolutionNode = FALSE
	EndGlobalSection
	GlobalSection(ExtensibilityGlobals) = postSolution
		SolutionGuid = {7C243B09-4504-4150-9E36-0E19BE579AF9}
	EndGlobalSection
EndGlobal
